// !$*UTF8*$!
{
	archiveVersion = 1;
	classes = {
	};
	objectVersion = 50;
	objects = {

/* Begin PBXBuildFile section */
		C260CFD324EF4D09007ECDA2 /* AppDelegate.swift in Sources */ = {isa = PBXBuildFile; fileRef = C260CFD224EF4D09007ECDA2 /* AppDelegate.swift */; };
		C260CFD524EF4D09007ECDA2 /* Document.swift in Sources */ = {isa = PBXBuildFile; fileRef = C260CFD424EF4D09007ECDA2 /* Document.swift */; };
		C260CFDA24EF4D0C007ECDA2 /* Assets.xcassets in Resources */ = {isa = PBXBuildFile; fileRef = C260CFD924EF4D0C007ECDA2 /* Assets.xcassets */; };
		C260CFDD24EF4D0C007ECDA2 /* MainMenu.xib in Resources */ = {isa = PBXBuildFile; fileRef = C260CFDB24EF4D0C007ECDA2 /* MainMenu.xib */; };
		C260CFE924EF5488007ECDA2 /* itemView.swift in Sources */ = {isa = PBXBuildFile; fileRef = C260CFE724EF5488007ECDA2 /* itemView.swift */; };
		C260CFEA24EF5488007ECDA2 /* itemView.xib in Resources */ = {isa = PBXBuildFile; fileRef = C260CFE824EF5488007ECDA2 /* itemView.xib */; };
		C27467DD24F605840025A9F1 /* mainWindow.swift in Sources */ = {isa = PBXBuildFile; fileRef = C27467DB24F605840025A9F1 /* mainWindow.swift */; };
		C27467DE24F605840025A9F1 /* mainWindow.xib in Resources */ = {isa = PBXBuildFile; fileRef = C27467DC24F605840025A9F1 /* mainWindow.xib */; };
		C27467E024F606CA0025A9F1 /* mainViewController.swift in Sources */ = {isa = PBXBuildFile; fileRef = C27467DF24F606CA0025A9F1 /* mainViewController.swift */; };
/* End PBXBuildFile section */

/* Begin PBXFileReference section */
		C260CFCF24EF4D09007ECDA2 /* QuickPic.app */ = {isa = PBXFileReference; explicitFileType = wrapper.application; includeInIndex = 0; path = QuickPic.app; sourceTree = BUILT_PRODUCTS_DIR; };
		C260CFD224EF4D09007ECDA2 /* AppDelegate.swift */ = {isa = PBXFileReference; lastKnownFileType = sourcecode.swift; path = AppDelegate.swift; sourceTree = "<group>"; };
		C260CFD424EF4D09007ECDA2 /* Document.swift */ = {isa = PBXFileReference; lastKnownFileType = sourcecode.swift; path = Document.swift; sourceTree = "<group>"; };
		C260CFD924EF4D0C007ECDA2 /* Assets.xcassets */ = {isa = PBXFileReference; lastKnownFileType = folder.assetcatalog; path = Assets.xcassets; sourceTree = "<group>"; };
		C260CFDC24EF4D0C007ECDA2 /* Base */ = {isa = PBXFileReference; lastKnownFileType = file.xib; name = Base; path = Base.lproj/MainMenu.xib; sourceTree = "<group>"; };
		C260CFDE24EF4D0C007ECDA2 /* Info.plist */ = {isa = PBXFileReference; lastKnownFileType = text.plist.xml; path = Info.plist; sourceTree = "<group>"; };
		C260CFE724EF5488007ECDA2 /* itemView.swift */ = {isa = PBXFileReference; lastKnownFileType = sourcecode.swift; path = itemView.swift; sourceTree = "<group>"; };
		C260CFE824EF5488007ECDA2 /* itemView.xib */ = {isa = PBXFileReference; lastKnownFileType = file.xib; path = itemView.xib; sourceTree = "<group>"; };
		C27467DA24F600920025A9F1 /* QuickPic.entitlements */ = {isa = PBXFileReference; lastKnownFileType = text.plist.entitlements; path = QuickPic.entitlements; sourceTree = "<group>"; };
		C27467DB24F605840025A9F1 /* mainWindow.swift */ = {isa = PBXFileReference; lastKnownFileType = sourcecode.swift; path = mainWindow.swift; sourceTree = "<group>"; };
		C27467DC24F605840025A9F1 /* mainWindow.xib */ = {isa = PBXFileReference; lastKnownFileType = file.xib; path = mainWindow.xib; sourceTree = "<group>"; };
		C27467DF24F606CA0025A9F1 /* mainViewController.swift */ = {isa = PBXFileReference; lastKnownFileType = sourcecode.swift; path = mainViewController.swift; sourceTree = "<group>"; };
/* End PBXFileReference section */

/* Begin PBXFrameworksBuildPhase section */
		C260CFCC24EF4D09007ECDA2 /* Frameworks */ = {
			isa = PBXFrameworksBuildPhase;
			buildActionMask = 2147483647;
			files = (
			);
			runOnlyForDeploymentPostprocessing = 0;
		};
/* End PBXFrameworksBuildPhase section */

/* Begin PBXGroup section */
		C260CFC624EF4D09007ECDA2 = {
			isa = PBXGroup;
			children = (
				C260CFD124EF4D09007ECDA2 /* QuickPic */,
				C260CFD024EF4D09007ECDA2 /* Products */,
			);
			sourceTree = "<group>";
		};
		C260CFD024EF4D09007ECDA2 /* Products */ = {
			isa = PBXGroup;
			children = (
				C260CFCF24EF4D09007ECDA2 /* QuickPic.app */,
			);
			name = Products;
			sourceTree = "<group>";
		};
		C260CFD124EF4D09007ECDA2 /* QuickPic */ = {
			isa = PBXGroup;
			children = (
				C260CFD224EF4D09007ECDA2 /* AppDelegate.swift */,
				C260CFD424EF4D09007ECDA2 /* Document.swift */,
				C260CFD924EF4D0C007ECDA2 /* Assets.xcassets */,
				C260CFDB24EF4D0C007ECDA2 /* MainMenu.xib */,
				C260CFDE24EF4D0C007ECDA2 /* Info.plist */,
				C260CFE724EF5488007ECDA2 /* itemView.swift */,
				C260CFE824EF5488007ECDA2 /* itemView.xib */,
				C27467DA24F600920025A9F1 /* QuickPic.entitlements */,
				C27467DB24F605840025A9F1 /* mainWindow.swift */,
				C27467DC24F605840025A9F1 /* mainWindow.xib */,
				C27467DF24F606CA0025A9F1 /* mainViewController.swift */,
			);
			path = QuickPic;
			sourceTree = "<group>";
		};
/* End PBXGroup section */

/* Begin PBXNativeTarget section */
		C260CFCE24EF4D09007ECDA2 /* QuickPic */ = {
			isa = PBXNativeTarget;
			buildConfigurationList = C260CFE224EF4D0C007ECDA2 /* Build configuration list for PBXNativeTarget "QuickPic" */;
			buildPhases = (
				C260CFCB24EF4D09007ECDA2 /* Sources */,
				C260CFCC24EF4D09007ECDA2 /* Frameworks */,
				C260CFCD24EF4D09007ECDA2 /* Resources */,
			);
			buildRules = (
			);
			dependencies = (
			);
			name = QuickPic;
			productName = QuickPic;
			productReference = C260CFCF24EF4D09007ECDA2 /* QuickPic.app */;
			productType = "com.apple.product-type.application";
		};
/* End PBXNativeTarget section */

/* Begin PBXProject section */
		C260CFC724EF4D09007ECDA2 /* Project object */ = {
			isa = PBXProject;
			attributes = {
				LastSwiftUpdateCheck = 1150;
				LastUpgradeCheck = 1150;
				ORGANIZATIONNAME = Xenthio;
				TargetAttributes = {
					C260CFCE24EF4D09007ECDA2 = {
						CreatedOnToolsVersion = 11.5;
					};
				};
			};
			buildConfigurationList = C260CFCA24EF4D09007ECDA2 /* Build configuration list for PBXProject "QuickPic" */;
			compatibilityVersion = "Xcode 9.3";
			developmentRegion = en;
			hasScannedForEncodings = 0;
			knownRegions = (
				en,
				Base,
			);
			mainGroup = C260CFC624EF4D09007ECDA2;
			productRefGroup = C260CFD024EF4D09007ECDA2 /* Products */;
			projectDirPath = "";
			projectRoot = "";
			targets = (
				C260CFCE24EF4D09007ECDA2 /* QuickPic */,
			);
		};
/* End PBXProject section */

/* Begin PBXResourcesBuildPhase section */
		C260CFCD24EF4D09007ECDA2 /* Resources */ = {
			isa = PBXResourcesBuildPhase;
			buildActionMask = 2147483647;
			files = (
				C27467DE24F605840025A9F1 /* mainWindow.xib in Resources */,
				C260CFDA24EF4D0C007ECDA2 /* Assets.xcassets in Resources */,
				C260CFEA24EF5488007ECDA2 /* itemView.xib in Resources */,
				C260CFDD24EF4D0C007ECDA2 /* MainMenu.xib in Resources */,
			);
			runOnlyForDeploymentPostprocessing = 0;
		};
/* End PBXResourcesBuildPhase section */

/* Begin PBXSourcesBuildPhase section */
		C260CFCB24EF4D09007ECDA2 /* Sources */ = {
			isa = PBXSourcesBuildPhase;
			buildActionMask = 2147483647;
			files = (
				C27467DD24F605840025A9F1 /* mainWindow.swift in Sources */,
				C260CFE924EF5488007ECDA2 /* itemView.swift in Sources */,
				C27467E024F606CA0025A9F1 /* mainViewController.swift in Sources */,
				C260CFD524EF4D09007ECDA2 /* Document.swift in Sources */,
				C260CFD324EF4D09007ECDA2 /* AppDelegate.swift in Sources */,
			);
			runOnlyForDeploymentPostprocessing = 0;
		};
/* End PBXSourcesBuildPhase section */

/* Begin PBXVariantGroup section */
		C260CFDB24EF4D0C007ECDA2 /* MainMenu.xib */ = {
			isa = PBXVariantGroup;
			children = (
				C260CFDC24EF4D0C007ECDA2 /* Base */,
			);
			name = MainMenu.xib;
			sourceTree = "<group>";
		};
/* End PBXVariantGroup section */

/* Begin XCBuildConfiguration section */
		C260CFE024EF4D0C007ECDA2 /* Debug */ = {
			isa = XCBuildConfiguration;
			buildSettings = {
				ALWAYS_SEARCH_USER_PATHS = NO;
				CLANG_ANALYZER_NONNULL = YES;
				CLANG_ANALYZER_NUMBER_OBJECT_CONVERSION = YES_AGGRESSIVE;
				CLANG_CXX_LANGUAGE_STANDARD = "gnu++14";
				CLANG_CXX_LIBRARY = "libc++";
				CLANG_ENABLE_MODULES = YES;
				CLANG_ENABLE_OBJC_ARC = YES;
				CLANG_ENABLE_OBJC_WEAK = YES;
				CLANG_WARN_BLOCK_CAPTURE_AUTORELEASING = YES;
				CLANG_WARN_BOOL_CONVERSION = YES;
				CLANG_WARN_COMMA = YES;
				CLANG_WARN_CONSTANT_CONVERSION = YES;
				CLANG_WARN_DEPRECATED_OBJC_IMPLEMENTATIONS = YES;
				CLANG_WARN_DIRECT_OBJC_ISA_USAGE = YES_ERROR;
				CLANG_WARN_DOCUMENTATION_COMMENTS = YES;
				CLANG_WARN_EMPTY_BODY = YES;
				CLANG_WARN_ENUM_CONVERSION = YES;
				CLANG_WARN_INFINITE_RECURSION = YES;
				CLANG_WARN_INT_CONVERSION = YES;
				CLANG_WARN_NON_LITERAL_NULL_CONVERSION = YES;
				CLANG_WARN_OBJC_IMPLICIT_RETAIN_SELF = YES;
				CLANG_WARN_OBJC_LITERAL_CONVERSION = YES;
				CLANG_WARN_OBJC_ROOT_CLASS = YES_ERROR;
				CLANG_WARN_RANGE_LOOP_ANALYSIS = YES;
				CLANG_WARN_STRICT_PROTOTYPES = YES;
				CLANG_WARN_SUSPICIOUS_MOVE = YES;
				CLANG_WARN_UNGUARDED_AVAILABILITY = YES_AGGRESSIVE;
				CLANG_WARN_UNREACHABLE_CODE = YES;
				CLANG_WARN__DUPLICATE_METHOD_MATCH = YES;
				COPY_PHASE_STRIP = NO;
				DEBUG_INFORMATION_FORMAT = dwarf;
				ENABLE_STRICT_OBJC_MSGSEND = YES;
				ENABLE_TESTABILITY = YES;
				GCC_C_LANGUAGE_STANDARD = gnu11;
				GCC_DYNAMIC_NO_PIC = NO;
				GCC_NO_COMMON_BLOCKS = YES;
				GCC_OPTIMIZATION_LEVEL = 0;
				GCC_PREPROCESSOR_DEFINITIONS = (
					"DEBUG=1",
					"$(inherited)",
				);
				GCC_WARN_64_TO_32_BIT_CONVERSION = YES;
				GCC_WARN_ABOUT_RETURN_TYPE = YES_ERROR;
				GCC_WARN_UNDECLARED_SELECTOR = YES;
				GCC_WARN_UNINITIALIZED_AUTOS = YES_AGGRESSIVE;
				GCC_WARN_UNUSED_FUNCTION = YES;
				GCC_WARN_UNUSED_VARIABLE = YES;
				MACOSX_DEPLOYMENT_TARGET = 10.15;
				MTL_ENABLE_DEBUG_INFO = INCLUDE_SOURCE;
				MTL_FAST_MATH = YES;
				ONLY_ACTIVE_ARCH = YES;
				SDKROOT = macosx;
				SWIFT_ACTIVE_COMPILATION_CONDITIONS = DEBUG;
				SWIFT_OPTIMIZATION_LEVEL = "-Onone";
			};
			name = Debug;
		};
		C260CFE124EF4D0C007ECDA2 /* Release */ = {
			isa = XCBuildConfiguration;
			buildSettings = {
				ALWAYS_SEARCH_USER_PATHS = NO;
				CLANG_ANALYZER_NONNULL = YES;
				CLANG_ANALYZER_NUMBER_OBJECT_CONVERSION = YES_AGGRESSIVE;
				CLANG_CXX_LANGUAGE_STANDARD = "gnu++14";
				CLANG_CXX_LIBRARY = "libc++";
				CLANG_ENABLE_MODULES = YES;
				CLANG_ENABLE_OBJC_ARC = YES;
				CLANG_ENABLE_OBJC_WEAK = YES;
				CLANG_WARN_BLOCK_CAPTURE_AUTORELEASING = YES;
				CLANG_WARN_BOOL_CONVERSION = YES;
				CLANG_WARN_COMMA = YES;
				CLANG_WARN_CONSTANT_CONVERSION = YES;
				CLANG_WARN_DEPRECATED_OBJC_IMPLEMENTATIONS = YES;
				CLANG_WARN_DIRECT_OBJC_ISA_USAGE = YES_ERROR;
				CLANG_WARN_DOCUMENTATION_COMMENTS = YES;
				CLANG_WARN_EMPTY_BODY = YES;
				CLANG_WARN_ENUM_CONVERSION = YES;
				CLANG_WARN_INFINITE_RECURSION = YES;
				CLANG_WARN_INT_CONVERSION = YES;
				CLANG_WARN_NON_LITERAL_NULL_CONVERSION = YES;
				CLANG_WARN_OBJC_IMPLICIT_RETAIN_SELF = YES;
				CLANG_WARN_OBJC_LITERAL_CONVERSION = YES;
				CLANG_WARN_OBJC_ROOT_CLASS = YES_ERROR;
				CLANG_WARN_RANGE_LOOP_ANALYSIS = YES;
				CLANG_WARN_STRICT_PROTOTYPES = YES;
				CLANG_WARN_SUSPICIOUS_MOVE = YES;
				CLANG_WARN_UNGUARDED_AVAILABILITY = YES_AGGRESSIVE;
				CLANG_WARN_UNREACHABLE_CODE = YES;
				CLANG_WARN__DUPLICATE_METHOD_MATCH = YES;
				COPY_PHASE_STRIP = NO;
				DEBUG_INFORMATION_FORMAT = "dwarf-with-dsym";
				ENABLE_NS_ASSERTIONS = NO;
				ENABLE_STRICT_OBJC_MSGSEND = YES;
				GCC_C_LANGUAGE_STANDARD = gnu11;
				GCC_NO_COMMON_BLOCKS = YES;
				GCC_WARN_64_TO_32_BIT_CONVERSION = YES;
				GCC_WARN_ABOUT_RETURN_TYPE = YES_ERROR;
				GCC_WARN_UNDECLARED_SELECTOR = YES;
				GCC_WARN_UNINITIALIZED_AUTOS = YES_AGGRESSIVE;
				GCC_WARN_UNUSED_FUNCTION = YES;
				GCC_WARN_UNUSED_VARIABLE = YES;
				MACOSX_DEPLOYMENT_TARGET = 10.15;
				MTL_ENABLE_DEBUG_INFO = NO;
				MTL_FAST_MATH = YES;
				SDKROOT = macosx;
				SWIFT_COMPILATION_MODE = wholemodule;
				SWIFT_OPTIMIZATION_LEVEL = "-O";
			};
			name = Release;
		};
		C260CFE324EF4D0C007ECDA2 /* Debug */ = {
			isa = XCBuildConfiguration;
			buildSettings = {
				ASSETCATALOG_COMPILER_APPICON_NAME = AppIcon;
				CODE_SIGN_ALLOW_ENTITLEMENTS_MODIFICATION = YES;
				CODE_SIGN_ENTITLEMENTS = QuickPic/QuickPic.entitlements;
				CODE_SIGN_IDENTITY = "Mac Developer";
				CODE_SIGN_STYLE = Manual;
				COMBINE_HIDPI_IMAGES = YES;
				DEVELOPMENT_TEAM = 5M2XXLBE78;
				ENABLE_HARDENED_RUNTIME = YES;
				INFOPLIST_FILE = QuickPic/Info.plist;
				LD_RUNPATH_SEARCH_PATHS = (
					"$(inherited)",
					"@executable_path/../Frameworks",
				);
				PRODUCT_BUNDLE_IDENTIFIER = xenthio.QuickPic;
				PRODUCT_NAME = "$(TARGET_NAME)";
				PROVISIONING_PROFILE_SPECIFIER = "";
				SWIFT_VERSION = 5.0;
			};
			name = Debug;
		};
		C260CFE424EF4D0C007ECDA2 /* Release */ = {
			isa = XCBuildConfiguration;
			buildSettings = {
				ASSETCATALOG_COMPILER_APPICON_NAME = AppIcon;
				CODE_SIGN_ALLOW_ENTITLEMENTS_MODIFICATION = YES;
				CODE_SIGN_ENTITLEMENTS = QuickPic/QuickPic.entitlements;
				CODE_SIGN_IDENTITY = "Mac Developer";
				CODE_SIGN_STYLE = Manual;
				COMBINE_HIDPI_IMAGES = YES;
				DEVELOPMENT_TEAM = 5M2XXLBE78;
				ENABLE_HARDENED_RUNTIME = YES;
				INFOPLIST_FILE = QuickPic/Info.plist;
				LD_RUNPATH_SEARCH_PATHS = (
					"$(inherited)",
					"@executable_path/../Frameworks",
				);
				PRODUCT_BUNDLE_IDENTIFIER = xenthio.QuickPic;
				PRODUCT_NAME = "$(TARGET_NAME)";
				PROVISIONING_PROFILE_SPECIFIER = "";
				SWIFT_VERSION = 5.0;
			};
			name = Release;
		};
/* End XCBuildConfiguration section */

/* Begin XCConfigurationList section */
		C260CFCA24EF4D09007ECDA2 /* Build configuration list for PBXProject "QuickPic" */ = {
			isa = XCConfigurationList;
			buildConfigurations = (
				C260CFE024EF4D0C007ECDA2 /* Debug */,
				C260CFE124EF4D0C007ECDA2 /* Release */,
			);
			defaultConfigurationIsVisible = 0;
			defaultConfigurationName = Release;
		};
		C260CFE224EF4D0C007ECDA2 /* Build configuration list for PBXNativeTarget "QuickPic" */ = {
			isa = XCConfigurationList;
			buildConfigurations = (
				C260CFE324EF4D0C007ECDA2 /* Debug */,
				C260CFE424EF4D0C007ECDA2 /* Release */,
			);
			defaultConfigurationIsVisible = 0;
			defaultConfigurationName = Release;
		};
/* End XCConfigurationList section */
	};
	rootObject = C260CFC724EF4D09007ECDA2 /* Project object */;
}
